{
  "name": "sdk-did-radiance",
  "version": "0.1.0",
  "lockfileVersion": 2,
  "requires": true,
  "packages": {
    "": {
      "name": "sdk-did-radiance",
      "version": "0.1.0",
      "dependencies": {
        "@tonclient/appkit": "^0.3.0",
        "@tonclient/core": "^1.28.0",
        "@tonclient/lib-node": "^1.28.0",
        "@tonclient/lib-web": "^1.20.1",
        "crypto-js": "^4.1.1",
        "noble-ed25519": "^1.2.6",
        "ton-inpage-provider": "^0.1.29"
      }
    },
    "node_modules/@tonclient/appkit": {
      "version": "0.3.0",
      "resolved": "https://registry.npmjs.org/@tonclient/appkit/-/appkit-0.3.0.tgz",
      "integrity": "sha512-ZIl3od8kQL/8zvhn+dnZpnaWxuBWrE2YaxIf+McURHLUG1l5aL/yzrIzUq5kgz/HokJnLaEMcCAhmO09FeofNw==",
      "dependencies": {
        "@tonclient/core": "^1"
      },
      "engines": {
        "node": ">=6"
      }
    },
    "node_modules/@tonclient/core": {
      "version": "1.28.0",
      "resolved": "https://registry.npmjs.org/@tonclient/core/-/core-1.28.0.tgz",
      "integrity": "sha512-Wxcevsrw/UlLjv6+eHXqBydbMa1GuYR1tXob+ebogxzZlyF0OE4IEs3GOszS49XrXRaIL2lHCg3ZLDRKocPAQQ==",
      "engines": {
        "node": ">=6"
      }
    },
    "node_modules/@tonclient/lib-node": {
      "version": "1.28.0",
      "resolved": "https://registry.npmjs.org/@tonclient/lib-node/-/lib-node-1.28.0.tgz",
      "integrity": "sha512-MTwTC6inmVAyI/7TFjN84PR94F3cgeosJChPTlYpBIQTalAZ0duWmWoQJIdXnPb7hlT8ttqRVL/m8IeOJMvlxg==",
      "hasInstallScript": true,
      "engines": {
        "node": ">=6"
      }
    },
    "node_modules/@tonclient/lib-web": {
      "version": "1.28.0",
      "resolved": "https://registry.npmjs.org/@tonclient/lib-web/-/lib-web-1.28.0.tgz",
      "integrity": "sha512-2XQe4Avd1UIGw9ig2vhbaMn5YwVvlOR4nK9urOG25606EY/CXxEQws5yitM2hk9x2HJbDpfItQdhT5MrjS+g8g==",
      "hasInstallScript": true,
      "engines": {
        "node": ">=6"
      }
    },
    "node_modules/crypto-js": {
      "version": "4.1.1",
      "resolved": "https://registry.npmjs.org/crypto-js/-/crypto-js-4.1.1.tgz",
      "integrity": "sha512-o2JlM7ydqd3Qk9CA0L4NL6mTzU2sdx96a+oOfPu8Mkl/PK51vSyoi8/rQ8NknZtk44vq15lmhAj9CIAGwgeWKw=="
    },
    "node_modules/noble-ed25519": {
      "version": "1.2.6",
      "resolved": "https://registry.npmjs.org/noble-ed25519/-/noble-ed25519-1.2.6.tgz",
      "integrity": "sha512-zfnWqg9FVMp8CnzUpAjbt1nDXpDjCvxYiCXdnW1mY8zQHw/6twUlkFm14VPdojVzc0kcd+i9zT79+26GcNbsuQ==",
      "deprecated": "Switch to namespaced @noble/ed25519 for security and feature updates"
    },
    "node_modules/ton-inpage-provider": {
      "version": "0.1.29",
      "resolved": "https://registry.npmjs.org/ton-inpage-provider/-/ton-inpage-provider-0.1.29.tgz",
      "integrity": "sha512-HzbBG81yHa4U87AKNX1AO/uRHDz+06gjPEv9Qyj1loZivxEsbldkNbtifvHjLFLYTe0KOF8ETXZepQCXSqPfkA=="
    }
  },
  "dependencies": {
    "@tonclient/appkit": {
      "version": "0.3.0",
      "resolved": "https://registry.npmjs.org/@tonclient/appkit/-/appkit-0.3.0.tgz",
      "integrity": "sha512-ZIl3od8kQL/8zvhn+dnZpnaWxuBWrE2YaxIf+McURHLUG1l5aL/yzrIzUq5kgz/HokJnLaEMcCAhmO09FeofNw==",
      "requires": {
        "@tonclient/core": "^1"
      }
    },
    "@tonclient/core": {
      "version": "1.28.0",
      "resolved": "https://registry.npmjs.org/@tonclient/core/-/core-1.28.0.tgz",
      "integrity": "sha512-Wxcevsrw/UlLjv6+eHXqBydbMa1GuYR1tXob+ebogxzZlyF0OE4IEs3GOszS49XrXRaIL2lHCg3ZLDRKocPAQQ=="
    },
    "@tonclient/lib-node": {
      "version": "1.28.0",
      "resolved": "https://registry.npmjs.org/@tonclient/lib-node/-/lib-node-1.28.0.tgz",
      "integrity": "sha512-MTwTC6inmVAyI/7TFjN84PR94F3cgeosJChPTlYpBIQTalAZ0duWmWoQJIdXnPb7hlT8ttqRVL/m8IeOJMvlxg=="
    },
    "@tonclient/lib-web": {
      "version": "1.28.0",
      "resolved": "https://registry.npmjs.org/@tonclient/lib-web/-/lib-web-1.28.0.tgz",
      "integrity": "sha512-2XQe4Avd1UIGw9ig2vhbaMn5YwVvlOR4nK9urOG25606EY/CXxEQws5yitM2hk9x2HJbDpfItQdhT5MrjS+g8g=="
    },
    "crypto-js": {
      "version": "4.1.1",
      "resolved": "https://registry.npmjs.org/crypto-js/-/crypto-js-4.1.1.tgz",
      "integrity": "sha512-o2JlM7ydqd3Qk9CA0L4NL6mTzU2sdx96a+oOfPu8Mkl/PK51vSyoi8/rQ8NknZtk44vq15lmhAj9CIAGwgeWKw=="
    },
    "noble-ed25519": {
      "version": "1.2.6",
      "resolved": "https://registry.npmjs.org/noble-ed25519/-/noble-ed25519-1.2.6.tgz",
      "integrity": "sha512-zfnWqg9FVMp8CnzUpAjbt1nDXpDjCvxYiCXdnW1mY8zQHw/6twUlkFm14VPdojVzc0kcd+i9zT79+26GcNbsuQ=="
    },
    "ton-inpage-provider": {
      "version": "0.1.29",
      "resolved": "https://registry.npmjs.org/ton-inpage-provider/-/ton-inpage-provider-0.1.29.tgz",
      "integrity": "sha512-HzbBG81yHa4U87AKNX1AO/uRHDz+06gjPEv9Qyj1loZivxEsbldkNbtifvHjLFLYTe0KOF8ETXZepQCXSqPfkA=="
    }
  }
}
